
Microsoft Visual Studio Solution File, Format Version 12.00
# Visual Studio Version 17
VisualStudioVersion = 17.14.36414.22 d17.14
MinimumVisualStudioVersion = 10.0.40219.1
Project("{54A90642-561A-4BB1-A94E-469ADEE60C69}") = "leeseo.client", "leeseo.client\leeseo.client.esproj", "{D1869E07-207B-054E-6766-EA2B52D39D37}"
EndProject
Project("{FAE04EC0-301F-11D3-BF4B-00C04F79EFBC}") = "LEESEO.Server", "LEESEO.Server\LEESEO.Server.csproj", "{CEDF2D58-C935-450A-9BD7-94CAD416836C}"
EndProject
Global
	GlobalSection(SolutionConfigurationPlatforms) = preSolution
		Debug|Any CPU = Debug|Any CPU
		Release|Any CPU = Release|Any CPU
	EndGlobalSection
	GlobalSection(ProjectConfigurationPlatforms) = postSolution
		{D1869E07-207B-054E-6766-EA2B52D39D37}.Debug|Any CPU.ActiveCfg = Debug|Any CPU
		{D1869E07-207B-054E-6766-EA2B52D39D37}.Debug|Any CPU.Build.0 = Debug|Any CPU
		{D1869E07-207B-054E-6766-EA2B52D39D37}.Debug|Any CPU.Deploy.0 = Debug|Any CPU
		{D1869E07-207B-054E-6766-EA2B52D39D37}.Release|Any CPU.ActiveCfg = Release|Any CPU
		{D1869E07-207B-054E-6766-EA2B52D39D37}.Release|Any CPU.Build.0 = Release|Any CPU
		{D1869E07-207B-054E-6766-EA2B52D39D37}.Release|Any CPU.Deploy.0 = Release|Any CPU
		{CEDF2D58-C935-450A-9BD7-94CAD416836C}.Debug|Any CPU.ActiveCfg = Debug|Any CPU
		{CEDF2D58-C935-450A-9BD7-94CAD416836C}.Debug|Any CPU.Build.0 = Debug|Any CPU
		{CEDF2D58-C935-450A-9BD7-94CAD416836C}.Release|Any CPU.ActiveCfg = Release|Any CPU
		{CEDF2D58-C935-450A-9BD7-94CAD416836C}.Release|Any CPU.Build.0 = Release|Any CPU
	EndGlobalSection
	GlobalSection(SolutionProperties) = preSolution
		HideSolutionNode = FALSE
	EndGlobalSection
	GlobalSection(ExtensibilityGlobals) = postSolution
		SolutionGuid = {27D14A13-065A-444F-B861-A18A2CEF5BD3}
	EndGlobalSection
EndGlobal
